Microsoft Visual Studio Solution File, Format Version 12.00
# Visual Studio Version 17
VisualStudioVersion = 17.5.2.0
MinimumVisualStudioVersion = 10.0.40219.1
Project("{FAE04EC0-301F-11D3-BF4B-00C04F79EFBC}") = "11-Evaluate_an_expression", "11-Evaluate_an_expression.csproj", "{704ABCA6-6AD2-98B6-EA36-21E9FF3566F3}"
EndProject
Global
	GlobalSection(SolutionConfigurationPlatforms) = preSolution
		Debug|Any CPU = Debug|Any CPU
		Release|Any CPU = Release|Any CPU
	EndGlobalSection
	GlobalSection(ProjectConfigurationPlatforms) = postSolution
		{704ABCA6-6AD2-98B6-EA36-21E9FF3566F3}.Debug|Any CPU.ActiveCfg = Debug|Any CPU
		{704ABCA6-6AD2-98B6-EA36-21E9FF3566F3}.Debug|Any CPU.Build.0 = Debug|Any CPU
		{704ABCA6-6AD2-98B6-EA36-21E9FF3566F3}.Release|Any CPU.ActiveCfg = Release|Any CPU
		{704ABCA6-6AD2-98B6-EA36-21E9FF3566F3}.Release|Any CPU.Build.0 = Release|Any CPU
	EndGlobalSection
	GlobalSection(SolutionProperties) = preSolution
		HideSolutionNode = FALSE
	EndGlobalSection
	GlobalSection(ExtensibilityGlobals) = postSolution
		SolutionGuid = {770DE1C4-1878-4248-BAC8-7DCF3B2A6952}
	EndGlobalSection
EndGlobal
